
Microsoft Visual Studio Solution File, Format Version 12.00
# Visual Studio Version 17
VisualStudioVersion = 17.14.36408.4 d17.14
MinimumVisualStudioVersion = 10.0.40219.1
Project("{FAE04EC0-301F-11D3-BF4B-00C04F79EFBC}") = "WebForms", "WebForms\WebForms.csproj", "{F6D5C21C-8DC2-4FC5-862F-AED55785FE1C}"
EndProject
Global
	GlobalSection(SolutionConfigurationPlatforms) = preSolution
		Debug|Any CPU = Debug|Any CPU
		Release|Any CPU = Release|Any CPU
	EndGlobalSection
	GlobalSection(ProjectConfigurationPlatforms) = postSolution
		{F6D5C21C-8DC2-4FC5-862F-AED55785FE1C}.Debug|Any CPU.ActiveCfg = Debug|Any CPU
		{F6D5C21C-8DC2-4FC5-862F-AED55785FE1C}.Debug|Any CPU.Build.0 = Debug|Any CPU
		{F6D5C21C-8DC2-4FC5-862F-AED55785FE1C}.Release|Any CPU.ActiveCfg = Release|Any CPU
		{F6D5C21C-8DC2-4FC5-862F-AED55785FE1C}.Release|Any CPU.Build.0 = Release|Any CPU
	EndGlobalSection
	GlobalSection(SolutionProperties) = preSolution
		HideSolutionNode = FALSE
	EndGlobalSection
	GlobalSection(ExtensibilityGlobals) = postSolution
		SolutionGuid = {45F45F64-DBD6-46BE-8D5F-3E6BC632F261}
	EndGlobalSection
EndGlobal
